
Microsoft Visual Studio Solution File, Format Version 12.00
# Visual Studio 15
VisualStudioVersion = 15.0.26124.0
MinimumVisualStudioVersion = 15.0.26124.0
Project("{FAE04EC0-301F-11D3-BF4B-00C04F79EFBC}") = "Domain", "Domain\Domain.csproj", "{2E6B591B-934E-4AE5-B969-C825B06426AC}"
EndProject
Project("{FAE04EC0-301F-11D3-BF4B-00C04F79EFBC}") = "Application", "Application\Application.csproj", "{C10E331F-F84D-4CA6-82AA-4809972A05FB}"
EndProject
Project("{FAE04EC0-301F-11D3-BF4B-00C04F79EFBC}") = "Persistence", "Persistence\Persistence.csproj", "{76C672F3-5F9B-4FCA-8071-734EC8270755}"
EndProject
Project("{FAE04EC0-301F-11D3-BF4B-00C04F79EFBC}") = "API", "API\API.csproj", "{22495742-A9DD-4531-8E3C-AF9FB92A488C}"
EndProject
Global
	GlobalSection(SolutionConfigurationPlatforms) = preSolution
		Debug|Any CPU = Debug|Any CPU
		Debug|x64 = Debug|x64
		Debug|x86 = Debug|x86
		Release|Any CPU = Release|Any CPU
		Release|x64 = Release|x64
		Release|x86 = Release|x86
	EndGlobalSection
	GlobalSection(SolutionProperties) = preSolution
		HideSolutionNode = FALSE
	EndGlobalSection
	GlobalSection(ProjectConfigurationPlatforms) = postSolution
		{2E6B591B-934E-4AE5-B969-C825B06426AC}.Debug|Any CPU.ActiveCfg = Debug|Any CPU
		{2E6B591B-934E-4AE5-B969-C825B06426AC}.Debug|Any CPU.Build.0 = Debug|Any CPU
		{2E6B591B-934E-4AE5-B969-C825B06426AC}.Debug|x64.ActiveCfg = Debug|Any CPU
		{2E6B591B-934E-4AE5-B969-C825B06426AC}.Debug|x64.Build.0 = Debug|Any CPU
		{2E6B591B-934E-4AE5-B969-C825B06426AC}.Debug|x86.ActiveCfg = Debug|Any CPU
		{2E6B591B-934E-4AE5-B969-C825B06426AC}.Debug|x86.Build.0 = Debug|Any CPU
		{2E6B591B-934E-4AE5-B969-C825B06426AC}.Release|Any CPU.ActiveCfg = Release|Any CPU
		{2E6B591B-934E-4AE5-B969-C825B06426AC}.Release|Any CPU.Build.0 = Release|Any CPU
		{2E6B591B-934E-4AE5-B969-C825B06426AC}.Release|x64.ActiveCfg = Release|Any CPU
		{2E6B591B-934E-4AE5-B969-C825B06426AC}.Release|x64.Build.0 = Release|Any CPU
		{2E6B591B-934E-4AE5-B969-C825B06426AC}.Release|x86.ActiveCfg = Release|Any CPU
		{2E6B591B-934E-4AE5-B969-C825B06426AC}.Release|x86.Build.0 = Release|Any CPU
		{C10E331F-F84D-4CA6-82AA-4809972A05FB}.Debug|Any CPU.ActiveCfg = Debug|Any CPU
		{C10E331F-F84D-4CA6-82AA-4809972A05FB}.Debug|Any CPU.Build.0 = Debug|Any CPU
		{C10E331F-F84D-4CA6-82AA-4809972A05FB}.Debug|x64.ActiveCfg = Debug|Any CPU
		{C10E331F-F84D-4CA6-82AA-4809972A05FB}.Debug|x64.Build.0 = Debug|Any CPU
		{C10E331F-F84D-4CA6-82AA-4809972A05FB}.Debug|x86.ActiveCfg = Debug|Any CPU
		{C10E331F-F84D-4CA6-82AA-4809972A05FB}.Debug|x86.Build.0 = Debug|Any CPU
		{C10E331F-F84D-4CA6-82AA-4809972A05FB}.Release|Any CPU.ActiveCfg = Release|Any CPU
		{C10E331F-F84D-4CA6-82AA-4809972A05FB}.Release|Any CPU.Build.0 = Release|Any CPU
		{C10E331F-F84D-4CA6-82AA-4809972A05FB}.Release|x64.ActiveCfg = Release|Any CPU
		{C10E331F-F84D-4CA6-82AA-4809972A05FB}.Release|x64.Build.0 = Release|Any CPU
		{C10E331F-F84D-4CA6-82AA-4809972A05FB}.Release|x86.ActiveCfg = Release|Any CPU
		{C10E331F-F84D-4CA6-82AA-4809972A05FB}.Release|x86.Build.0 = Release|Any CPU
		{76C672F3-5F9B-4FCA-8071-734EC8270755}.Debug|Any CPU.ActiveCfg = Debug|Any CPU
		{76C672F3-5F9B-4FCA-8071-734EC8270755}.Debug|Any CPU.Build.0 = Debug|Any CPU
		{76C672F3-5F9B-4FCA-8071-734EC8270755}.Debug|x64.ActiveCfg = Debug|Any CPU
		{76C672F3-5F9B-4FCA-8071-734EC8270755}.Debug|x64.Build.0 = Debug|Any CPU
		{76C672F3-5F9B-4FCA-8071-734EC8270755}.Debug|x86.ActiveCfg = Debug|Any CPU
		{76C672F3-5F9B-4FCA-8071-734EC8270755}.Debug|x86.Build.0 = Debug|Any CPU
		{76C672F3-5F9B-4FCA-8071-734EC8270755}.Release|Any CPU.ActiveCfg = Release|Any CPU
		{76C672F3-5F9B-4FCA-8071-734EC8270755}.Release|Any CPU.Build.0 = Release|Any CPU
		{76C672F3-5F9B-4FCA-8071-734EC8270755}.Release|x64.ActiveCfg = Release|Any CPU
		{76C672F3-5F9B-4FCA-8071-734EC8270755}.Release|x64.Build.0 = Release|Any CPU
		{76C672F3-5F9B-4FCA-8071-734EC8270755}.Release|x86.ActiveCfg = Release|Any CPU
		{76C672F3-5F9B-4FCA-8071-734EC8270755}.Release|x86.Build.0 = Release|Any CPU
		{22495742-A9DD-4531-8E3C-AF9FB92A488C}.Debug|Any CPU.ActiveCfg = Debug|Any CPU
		{22495742-A9DD-4531-8E3C-AF9FB92A488C}.Debug|Any CPU.Build.0 = Debug|Any CPU
		{22495742-A9DD-4531-8E3C-AF9FB92A488C}.Debug|x64.ActiveCfg = Debug|Any CPU
		{22495742-A9DD-4531-8E3C-AF9FB92A488C}.Debug|x64.Build.0 = Debug|Any CPU
		{22495742-A9DD-4531-8E3C-AF9FB92A488C}.Debug|x86.ActiveCfg = Debug|Any CPU
		{22495742-A9DD-4531-8E3C-AF9FB92A488C}.Debug|x86.Build.0 = Debug|Any CPU
		{22495742-A9DD-4531-8E3C-AF9FB92A488C}.Release|Any CPU.ActiveCfg = Release|Any CPU
		{22495742-A9DD-4531-8E3C-AF9FB92A488C}.Release|Any CPU.Build.0 = Release|Any CPU
		{22495742-A9DD-4531-8E3C-AF9FB92A488C}.Release|x64.ActiveCfg = Release|Any CPU
		{22495742-A9DD-4531-8E3C-AF9FB92A488C}.Release|x64.Build.0 = Release|Any CPU
		{22495742-A9DD-4531-8E3C-AF9FB92A488C}.Release|x86.ActiveCfg = Release|Any CPU
		{22495742-A9DD-4531-8E3C-AF9FB92A488C}.Release|x86.Build.0 = Release|Any CPU
	EndGlobalSection
EndGlobal
